PODS:
  - MobileCenter (0.10.1):
    - MobileCenter/Analytics (= 0.10.1)
    - MobileCenter/Crashes (= 0.10.1)
  - MobileCenter/Analytics (0.10.1):
    - MobileCenter/Core
  - MobileCenter/Core (0.10.1)
  - MobileCenter/Crashes (0.10.1):
    - MobileCenter/Core
  - RNMobileCenterShared (0.7.0):
    - MobileCenter (~> 0.10.1)

DEPENDENCIES:
  - MobileCenter (~> 0.10.1)
  - RNMobileCenterShared (~> 0.7.0)

SPEC CHECKSUMS:
  MobileCenter: 2ef7c02fd337dbde11cf15552c2006db2c3774c3
  RNMobileCenterShared: dd9167aed1a147d73eb09ae974c01dddae6cc53d

PODFILE CHECKSUM: d6a75e1aa2e3943d38cbf1ba62db0f81a74e1c65

COCOAPODS: 1.2.1
